// !$*UTF8*$!
{
	archiveVersion = 1;
	classes = {
	};
	objectVersion = 56;
	objects = {

/* Begin PBXBuildFile section */
		2C08AF0F2B13896900BAF3BD /* BaseVC.swift in Sources */ = {isa = PBXBuildFile; fileRef = 2C08AF0E2B13896900BAF3BD /* BaseVC.swift */; };
		2C08AF1D2B1393C100BAF3BD /* TitleHeaderView.swift in Sources */ = {isa = PBXBuildFile; fileRef = 2C08AF122B1393C100BAF3BD /* TitleHeaderView.swift */; };
		2C08AF1E2B1393C100BAF3BD /* PagerFooterView.swift in Sources */ = {isa = PBXBuildFile; fileRef = 2C08AF132B1393C100BAF3BD /* PagerFooterView.swift */; };
		2C08AF222B1393C100BAF3BD /* HomePresenter.swift in Sources */ = {isa = PBXBuildFile; fileRef = 2C08AF182B1393C100BAF3BD /* HomePresenter.swift */; };
		2C08AF232B1393C100BAF3BD /* HomeCollectionView.swift in Sources */ = {isa = PBXBuildFile; fileRef = 2C08AF192B1393C100BAF3BD /* HomeCollectionView.swift */; };
		2C08AF252B1393C100BAF3BD /* HomeVC.swift in Sources */ = {isa = PBXBuildFile; fileRef = 2C08AF1C2B1393C100BAF3BD /* HomeVC.swift */; };
		2C08AF2A2B13AB6D00BAF3BD /* AdsService.swift in Sources */ = {isa = PBXBuildFile; fileRef = 2C08AF292B13AB6D00BAF3BD /* AdsService.swift */; };
		2C08AF2C2B13B18200BAF3BD /* PersonModel.swift in Sources */ = {isa = PBXBuildFile; fileRef = 2C08AF2B2B13B18200BAF3BD /* PersonModel.swift */; };
		2C08AF2F2B13B55900BAF3BD /* HomeRouter.swift in Sources */ = {isa = PBXBuildFile; fileRef = 2C08AF2E2B13B55900BAF3BD /* HomeRouter.swift */; };
		2C08AF312B13B69E00BAF3BD /* HomeConfigurator.swift in Sources */ = {isa = PBXBuildFile; fileRef = 2C08AF302B13B69E00BAF3BD /* HomeConfigurator.swift */; };
		2C08AF332B13B8AF00BAF3BD /* PersonCell.swift in Sources */ = {isa = PBXBuildFile; fileRef = 2C08AF322B13B8AF00BAF3BD /* PersonCell.swift */; };
		2C08AF352B14242C00BAF3BD /* CategoriesModel.swift in Sources */ = {isa = PBXBuildFile; fileRef = 2C08AF342B14242C00BAF3BD /* CategoriesModel.swift */; };
		2C08AF372B14258E00BAF3BD /* CategoryHeaderCell.swift in Sources */ = {isa = PBXBuildFile; fileRef = 2C08AF362B14258E00BAF3BD /* CategoryHeaderCell.swift */; };
		2C08AF392B143B1400BAF3BD /* CategoryImageCell.swift in Sources */ = {isa = PBXBuildFile; fileRef = 2C08AF382B143B1400BAF3BD /* CategoryImageCell.swift */; };
		2C08AF3B2B143F5100BAF3BD /* CategoryCell.swift in Sources */ = {isa = PBXBuildFile; fileRef = 2C08AF3A2B143F5100BAF3BD /* CategoryCell.swift */; };
		2C08AF3D2B14440100BAF3BD /* CategoriesCollectionView.swift in Sources */ = {isa = PBXBuildFile; fileRef = 2C08AF3C2B14440100BAF3BD /* CategoriesCollectionView.swift */; };
		2C08AF3F2B144FEE00BAF3BD /* TabHeaderView.swift in Sources */ = {isa = PBXBuildFile; fileRef = 2C08AF3E2B144FEE00BAF3BD /* TabHeaderView.swift */; };
		2C08AF432B14506A00BAF3BD /* TabMenu.swift in Sources */ = {isa = PBXBuildFile; fileRef = 2C08AF412B14506A00BAF3BD /* TabMenu.swift */; };
		2C08AF442B14506A00BAF3BD /* MenuCell.swift in Sources */ = {isa = PBXBuildFile; fileRef = 2C08AF422B14506A00BAF3BD /* MenuCell.swift */; };
		2C0BB9742B147438009066A0 /* GradientView.swift in Sources */ = {isa = PBXBuildFile; fileRef = 2C0BB9732B147438009066A0 /* GradientView.swift */; };
		2C0BB9762B14925C009066A0 /* NewAdVC.swift in Sources */ = {isa = PBXBuildFile; fileRef = 2C0BB9752B14925C009066A0 /* NewAdVC.swift */; };
		2C0BB9782B149280009066A0 /* NewAddConfig.swift in Sources */ = {isa = PBXBuildFile; fileRef = 2C0BB9772B149280009066A0 /* NewAddConfig.swift */; };
		2C0BB97A2B14960E009066A0 /* DashedView.swift in Sources */ = {isa = PBXBuildFile; fileRef = 2C0BB9792B14960E009066A0 /* DashedView.swift */; };
		2C7DE5F92B14A69800441E30 /* NewAddPresenter.swift in Sources */ = {isa = PBXBuildFile; fileRef = 2C7DE5F82B14A69800441E30 /* NewAddPresenter.swift */; };
		2C7DE5FB2B14A6A000441E30 /* NewAddRouter.swift in Sources */ = {isa = PBXBuildFile; fileRef = 2C7DE5FA2B14A6A000441E30 /* NewAddRouter.swift */; };
		2C8808AA2B137FDB00DDEC98 /* AppDelegate.swift in Sources */ = {isa = PBXBuildFile; fileRef = 2C8808A92B137FDB00DDEC98 /* AppDelegate.swift */; };
		2C8808AC2B137FDB00DDEC98 /* SceneDelegate.swift in Sources */ = {isa = PBXBuildFile; fileRef = 2C8808AB2B137FDB00DDEC98 /* SceneDelegate.swift */; };
		2C8808AE2B137FDB00DDEC98 /* ViewController.swift in Sources */ = {isa = PBXBuildFile; fileRef = 2C8808AD2B137FDB00DDEC98 /* ViewController.swift */; };
		2C8808B12B137FDB00DDEC98 /* Main.storyboard in Resources */ = {isa = PBXBuildFile; fileRef = 2C8808AF2B137FDB00DDEC98 /* Main.storyboard */; };
		2C8808B32B137FDC00DDEC98 /* Assets.xcassets in Resources */ = {isa = PBXBuildFile; fileRef = 2C8808B22B137FDC00DDEC98 /* Assets.xcassets */; };
		2C8808B62B137FDC00DDEC98 /* LaunchScreen.storyboard in Resources */ = {isa = PBXBuildFile; fileRef = 2C8808B42B137FDC00DDEC98 /* LaunchScreen.storyboard */; };
		2C8808C12B137FDC00DDEC98 /* DeshandDezTaskTests.swift in Sources */ = {isa = PBXBuildFile; fileRef = 2C8808C02B137FDC00DDEC98 /* DeshandDezTaskTests.swift */; };
		2C8808CB2B137FDC00DDEC98 /* DeshandDezTaskUITests.swift in Sources */ = {isa = PBXBuildFile; fileRef = 2C8808CA2B137FDC00DDEC98 /* DeshandDezTaskUITests.swift */; };
		2C8808CD2B137FDC00DDEC98 /* DeshandDezTaskUITestsLaunchTests.swift in Sources */ = {isa = PBXBuildFile; fileRef = 2C8808CC2B137FDC00DDEC98 /* DeshandDezTaskUITestsLaunchTests.swift */; };
		2C8809222B13824800DDEC98 /* WaterFallConfiguration.swift in Sources */ = {isa = PBXBuildFile; fileRef = 2C8808DB2B13824800DDEC98 /* WaterFallConfiguration.swift */; };
		2C8809232B13824800DDEC98 /* VerticalWaterfallBuilder.swift in Sources */ = {isa = PBXBuildFile; fileRef = 2C8808DC2B13824800DDEC98 /* VerticalWaterfallBuilder.swift */; };
		2C8809242B13824800DDEC98 /* NSCollectionLayoutSection.swift in Sources */ = {isa = PBXBuildFile; fileRef = 2C8808DD2B13824800DDEC98 /* NSCollectionLayoutSection.swift */; };
		2C8809252B13824800DDEC98 /* StoryBoards.swift in Sources */ = {isa = PBXBuildFile; fileRef = 2C8808E02B13824800DDEC98 /* StoryBoards.swift */; };
		2C8809262B13824800DDEC98 /* Development.xcconfig in Resources */ = {isa = PBXBuildFile; fileRef = 2C8808E22B13824800DDEC98 /* Development.xcconfig */; };
		2C8809272B13824800DDEC98 /* Staging.xcconfig in Resources */ = {isa = PBXBuildFile; fileRef = 2C8808E32B13824800DDEC98 /* Staging.xcconfig */; };
		2C8809282B13824800DDEC98 /* Production.xcconfig in Resources */ = {isa = PBXBuildFile; fileRef = 2C8808E42B13824800DDEC98 /* Production.xcconfig */; };
		2C8809292B13824800DDEC98 /* Configuration.swift in Sources */ = {isa = PBXBuildFile; fileRef = 2C8808E52B13824800DDEC98 /* Configuration.swift */; };
		2C88092A2B13824800DDEC98 /* IBMPlexSansArabic-SemiBold.ttf in Resources */ = {isa = PBXBuildFile; fileRef = 2C8808E82B13824800DDEC98 /* IBMPlexSansArabic-SemiBold.ttf */; };
		2C88092B2B13824800DDEC98 /* IBMPlexSansArabic-Regular.ttf in Resources */ = {isa = PBXBuildFile; fileRef = 2C8808E92B13824800DDEC98 /* IBMPlexSansArabic-Regular.ttf */; };
		2C88092C2B13824800DDEC98 /* IBMPlexSansArabic-Light.ttf in Resources */ = {isa = PBXBuildFile; fileRef = 2C8808EA2B13824800DDEC98 /* IBMPlexSansArabic-Light.ttf */; };
		2C88092D2B13824800DDEC98 /* IBMPlexSansArabic-ExtraLight.ttf in Resources */ = {isa = PBXBuildFile; fileRef = 2C8808EB2B13824800DDEC98 /* IBMPlexSansArabic-ExtraLight.ttf */; };
		2C88092E2B13824800DDEC98 /* IBMPlexSansArabic-Bold.ttf in Resources */ = {isa = PBXBuildFile; fileRef = 2C8808EC2B13824800DDEC98 /* IBMPlexSansArabic-Bold.ttf */; };
		2C88092F2B13824800DDEC98 /* IBMPlexSansArabic-Thin.ttf in Resources */ = {isa = PBXBuildFile; fileRef = 2C8808ED2B13824800DDEC98 /* IBMPlexSansArabic-Thin.ttf */; };
		2C8809302B13824800DDEC98 /* IBMPlexSansArabic-Medium.ttf in Resources */ = {isa = PBXBuildFile; fileRef = 2C8808EE2B13824800DDEC98 /* IBMPlexSansArabic-Medium.ttf */; };
		2C8809312B13824800DDEC98 /* Fonts.swift in Sources */ = {isa = PBXBuildFile; fileRef = 2C8808EF2B13824800DDEC98 /* Fonts.swift */; };
		2C8809322B13824800DDEC98 /* Poppins-ExtraLight.ttf in Resources */ = {isa = PBXBuildFile; fileRef = 2C8808F12B13824800DDEC98 /* Poppins-ExtraLight.ttf */; };
		2C8809332B13824800DDEC98 /* Poppins-ThinItalic.ttf in Resources */ = {isa = PBXBuildFile; fileRef = 2C8808F22B13824800DDEC98 /* Poppins-ThinItalic.ttf */; };
		2C8809342B13824800DDEC98 /* Poppins-ExtraLightItalic.ttf in Resources */ = {isa = PBXBuildFile; fileRef = 2C8808F32B13824800DDEC98 /* Poppins-ExtraLightItalic.ttf */; };
		2C8809352B13824800DDEC98 /* Poppins-BoldItalic.ttf in Resources */ = {isa = PBXBuildFile; fileRef = 2C8808F42B13824800DDEC98 /* Poppins-BoldItalic.ttf */; };
		2C8809362B13824800DDEC98 /* Poppins-Light.ttf in Resources */ = {isa = PBXBuildFile; fileRef = 2C8808F52B13824800DDEC98 /* Poppins-Light.ttf */; };
		2C8809372B13824800DDEC98 /* Poppins-Medium.ttf in Resources */ = {isa = PBXBuildFile; fileRef = 2C8808F62B13824800DDEC98 /* Poppins-Medium.ttf */; };
		2C8809382B13824800DDEC98 /* Poppins-SemiBoldItalic.ttf in Resources */ = {isa = PBXBuildFile; fileRef = 2C8808F72B13824800DDEC98 /* Poppins-SemiBoldItalic.ttf */; };
		2C8809392B13824800DDEC98 /* Poppins-ExtraBoldItalic.ttf in Resources */ = {isa = PBXBuildFile; fileRef = 2C8808F82B13824800DDEC98 /* Poppins-ExtraBoldItalic.ttf */; };
		2C88093A2B13824800DDEC98 /* Poppins-ExtraBold.ttf in Resources */ = {isa = PBXBuildFile; fileRef = 2C8808F92B13824800DDEC98 /* Poppins-ExtraBold.ttf */; };
		2C88093B2B13824800DDEC98 /* Poppins-BlackItalic.ttf in Resources */ = {isa = PBXBuildFile; fileRef = 2C8808FA2B13824800DDEC98 /* Poppins-BlackItalic.ttf */; };
		2C88093C2B13824800DDEC98 /* Poppins-Regular.ttf in Resources */ = {isa = PBXBuildFile; fileRef = 2C8808FB2B13824800DDEC98 /* Poppins-Regular.ttf */; };
		2C88093D2B13824800DDEC98 /* Poppins-LightItalic.ttf in Resources */ = {isa = PBXBuildFile; fileRef = 2C8808FC2B13824800DDEC98 /* Poppins-LightItalic.ttf */; };
		2C88093E2B13824800DDEC98 /* Poppins-Bold.ttf in Resources */ = {isa = PBXBuildFile; fileRef = 2C8808FD2B13824800DDEC98 /* Poppins-Bold.ttf */; };
		2C88093F2B13824800DDEC98 /* Poppins-Black.ttf in Resources */ = {isa = PBXBuildFile; fileRef = 2C8808FE2B13824800DDEC98 /* Poppins-Black.ttf */; };
		2C8809402B13824800DDEC98 /* Poppins-Thin.ttf in Resources */ = {isa = PBXBuildFile; fileRef = 2C8808FF2B13824800DDEC98 /* Poppins-Thin.ttf */; };
		2C8809412B13824800DDEC98 /* Poppins-SemiBold.ttf in Resources */ = {isa = PBXBuildFile; fileRef = 2C8809002B13824800DDEC98 /* Poppins-SemiBold.ttf */; };
		2C8809422B13824800DDEC98 /* Poppins-Italic.ttf in Resources */ = {isa = PBXBuildFile; fileRef = 2C8809012B13824800DDEC98 /* Poppins-Italic.ttf */; };
		2C8809432B13824800DDEC98 /* Poppins-MediumItalic.ttf in Resources */ = {isa = PBXBuildFile; fileRef = 2C8809022B13824800DDEC98 /* Poppins-MediumItalic.ttf */; };
		2C8809442B13824800DDEC98 /* Colors.xcassets in Resources */ = {isa = PBXBuildFile; fileRef = 2C8809042B13824800DDEC98 /* Colors.xcassets */; };
		2C8809462B13824800DDEC98 /* AlertMessage.swift in Sources */ = {isa = PBXBuildFile; fileRef = 2C8809072B13824800DDEC98 /* AlertMessage.swift */; };
		2C8809472B13824800DDEC98 /* UserDefaultManager.swift in Sources */ = {isa = PBXBuildFile; fileRef = 2C8809082B13824800DDEC98 /* UserDefaultManager.swift */; };
		2C8809482B13824800DDEC98 /* LocalizationManager.swift in Sources */ = {isa = PBXBuildFile; fileRef = 2C8809092B13824800DDEC98 /* LocalizationManager.swift */; };
		2C8809492B13824800DDEC98 /* ActInd.swift in Sources */ = {isa = PBXBuildFile; fileRef = 2C88090A2B13824800DDEC98 /* ActInd.swift */; };
		2C88094A2B13824800DDEC98 /* LocationManager.swift in Sources */ = {isa = PBXBuildFile; fileRef = 2C88090B2B13824800DDEC98 /* LocationManager.swift */; };
		2C88094B2B13824800DDEC98 /* ResponseHanlder.swift in Sources */ = {isa = PBXBuildFile; fileRef = 2C88090D2B13824800DDEC98 /* ResponseHanlder.swift */; };
		2C88094C2B13824800DDEC98 /* Moya+Extension.swift in Sources */ = {isa = PBXBuildFile; fileRef = 2C88090F2B13824800DDEC98 /* Moya+Extension.swift */; };
		2C88094D2B13824800DDEC98 /* UiColor+Extension.swift in Sources */ = {isa = PBXBuildFile; fileRef = 2C8809102B13824800DDEC98 /* UiColor+Extension.swift */; };
		2C88094E2B13824800DDEC98 /* IBInspectables.swift in Sources */ = {isa = PBXBuildFile; fileRef = 2C8809112B13824800DDEC98 /* IBInspectables.swift */; };
		2C8809502B13824800DDEC98 /* String + Extensions.swift in Sources */ = {isa = PBXBuildFile; fileRef = 2C8809132B13824800DDEC98 /* String + Extensions.swift */; };
		2C8809512B13824800DDEC98 /* Double+Extension.swift in Sources */ = {isa = PBXBuildFile; fileRef = 2C8809142B13824800DDEC98 /* Double+Extension.swift */; };
		2C8809522B13824800DDEC98 /* UITabbar + Extension.swift in Sources */ = {isa = PBXBuildFile; fileRef = 2C8809152B13824800DDEC98 /* UITabbar + Extension.swift */; };
		2C8809532B13824800DDEC98 /* UIViewController+Extension.swift in Sources */ = {isa = PBXBuildFile; fileRef = 2C8809162B13824800DDEC98 /* UIViewController+Extension.swift */; };
		2C8809542B13824800DDEC98 /* UICollectionView + Extension.swift in Sources */ = {isa = PBXBuildFile; fileRef = 2C8809172B13824800DDEC98 /* UICollectionView + Extension.swift */; };
		2C8809552B13824800DDEC98 /* UIScene + Extensions.swift in Sources */ = {isa = PBXBuildFile; fileRef = 2C8809182B13824800DDEC98 /* UIScene + Extensions.swift */; };
		2C8809562B13824800DDEC98 /* UIDate+Extension.swift in Sources */ = {isa = PBXBuildFile; fileRef = 2C8809192B13824800DDEC98 /* UIDate+Extension.swift */; };
		2C8809572B13824800DDEC98 /* View+Ext.swift in Sources */ = {isa = PBXBuildFile; fileRef = 2C88091A2B13824800DDEC98 /* View+Ext.swift */; };
		2C8809582B13824800DDEC98 /* UIImageView+Extnsion.swift in Sources */ = {isa = PBXBuildFile; fileRef = 2C88091B2B13824800DDEC98 /* UIImageView+Extnsion.swift */; };
		2C8809592B13824800DDEC98 /* Codable+Extension.swift in Sources */ = {isa = PBXBuildFile; fileRef = 2C88091C2B13824800DDEC98 /* Codable+Extension.swift */; };
		2C88095A2B13824800DDEC98 /* Font.swift in Sources */ = {isa = PBXBuildFile; fileRef = 2C88091D2B13824800DDEC98 /* Font.swift */; };
		2C88095B2B13824800DDEC98 /* UITableView + Extension.swift in Sources */ = {isa = PBXBuildFile; fileRef = 2C88091E2B13824800DDEC98 /* UITableView + Extension.swift */; };
		2C88095C2B13824800DDEC98 /* UIApplication.swift in Sources */ = {isa = PBXBuildFile; fileRef = 2C88091F2B13824800DDEC98 /* UIApplication.swift */; };
		2C88095D2B13824800DDEC98 /* BadgedButtonItem.swift in Sources */ = {isa = PBXBuildFile; fileRef = 2C8809212B13824800DDEC98 /* BadgedButtonItem.swift */; };
		2C8809692B13842B00DDEC98 /* Section.swift in Sources */ = {isa = PBXBuildFile; fileRef = 2C8809622B13842B00DDEC98 /* Section.swift */; };
		2C88096A2B13842B00DDEC98 /* Page.swift in Sources */ = {isa = PBXBuildFile; fileRef = 2C8809632B13842B00DDEC98 /* Page.swift */; };
		2C88096B2B13842B00DDEC98 /* ErrorModel.swift in Sources */ = {isa = PBXBuildFile; fileRef = 2C8809652B13842B00DDEC98 /* ErrorModel.swift */; };
		2C88096C2B13842B00DDEC98 /* GenericNetworkResponse.swift in Sources */ = {isa = PBXBuildFile; fileRef = 2C8809672B13842B00DDEC98 /* GenericNetworkResponse.swift */; };
/* End PBXBuildFile section */

/* Begin PBXContainerItemProxy section */
		2C8808BD2B137FDC00DDEC98 /* PBXContainerItemProxy */ = {
			isa = PBXContainerItemProxy;
			containerPortal = 2C88089E2B137FDA00DDEC98 /* Project object */;
			proxyType = 1;
			remoteGlobalIDString = 2C8808A52B137FDA00DDEC98;
			remoteInfo = DeshandDezTask;
		};
		2C8808C72B137FDC00DDEC98 /* PBXContainerItemProxy */ = {
			isa = PBXContainerItemProxy;
			containerPortal = 2C88089E2B137FDA00DDEC98 /* Project object */;
			proxyType = 1;
			remoteGlobalIDString = 2C8808A52B137FDA00DDEC98;
			remoteInfo = DeshandDezTask;
		};
/* End PBXContainerItemProxy section */

/* Begin PBXFileReference section */
		2C08AF0E2B13896900BAF3BD /* BaseVC.swift */ = {isa = PBXFileReference; lastKnownFileType = sourcecode.swift; path = BaseVC.swift; sourceTree = "<group>"; };
		2C08AF122B1393C100BAF3BD /* TitleHeaderView.swift */ = {isa = PBXFileReference; fileEncoding = 4; lastKnownFileType = sourcecode.swift; path = TitleHeaderView.swift; sourceTree = "<group>"; };
		2C08AF132B1393C100BAF3BD /* PagerFooterView.swift */ = {isa = PBXFileReference; fileEncoding = 4; lastKnownFileType = sourcecode.swift; path = PagerFooterView.swift; sourceTree = "<group>"; };
		2C08AF182B1393C100BAF3BD /* HomePresenter.swift */ = {isa = PBXFileReference; fileEncoding = 4; lastKnownFileType = sourcecode.swift; path = HomePresenter.swift; sourceTree = "<group>"; };
		2C08AF192B1393C100BAF3BD /* HomeCollectionView.swift */ = {isa = PBXFileReference; fileEncoding = 4; lastKnownFileType = sourcecode.swift; path = HomeCollectionView.swift; sourceTree = "<group>"; };
		2C08AF1C2B1393C100BAF3BD /* HomeVC.swift */ = {isa = PBXFileReference; fileEncoding = 4; lastKnownFileType = sourcecode.swift; path = HomeVC.swift; sourceTree = "<group>"; };
		2C08AF292B13AB6D00BAF3BD /* AdsService.swift */ = {isa = PBXFileReference; lastKnownFileType = sourcecode.swift; path = AdsService.swift; sourceTree = "<group>"; };
		2C08AF2B2B13B18200BAF3BD /* PersonModel.swift */ = {isa = PBXFileReference; lastKnownFileType = sourcecode.swift; path = PersonModel.swift; sourceTree = "<group>"; };
		2C08AF2E2B13B55900BAF3BD /* HomeRouter.swift */ = {isa = PBXFileReference; lastKnownFileType = sourcecode.swift; path = HomeRouter.swift; sourceTree = "<group>"; };
		2C08AF302B13B69E00BAF3BD /* HomeConfigurator.swift */ = {isa = PBXFileReference; lastKnownFileType = sourcecode.swift; path = HomeConfigurator.swift; sourceTree = "<group>"; };
		2C08AF322B13B8AF00BAF3BD /* PersonCell.swift */ = {isa = PBXFileReference; lastKnownFileType = sourcecode.swift; path = PersonCell.swift; sourceTree = "<group>"; };
		2C08AF342B14242C00BAF3BD /* CategoriesModel.swift */ = {isa = PBXFileReference; lastKnownFileType = sourcecode.swift; path = CategoriesModel.swift; sourceTree = "<group>"; };
		2C08AF362B14258E00BAF3BD /* CategoryHeaderCell.swift */ = {isa = PBXFileReference; lastKnownFileType = sourcecode.swift; path = CategoryHeaderCell.swift; sourceTree = "<group>"; };
		2C08AF382B143B1400BAF3BD /* CategoryImageCell.swift */ = {isa = PBXFileReference; lastKnownFileType = sourcecode.swift; path = CategoryImageCell.swift; sourceTree = "<group>"; };
		2C08AF3A2B143F5100BAF3BD /* CategoryCell.swift */ = {isa = PBXFileReference; lastKnownFileType = sourcecode.swift; path = CategoryCell.swift; sourceTree = "<group>"; };
		2C08AF3C2B14440100BAF3BD /* CategoriesCollectionView.swift */ = {isa = PBXFileReference; lastKnownFileType = sourcecode.swift; path = CategoriesCollectionView.swift; sourceTree = "<group>"; };
		2C08AF3E2B144FEE00BAF3BD /* TabHeaderView.swift */ = {isa = PBXFileReference; fileEncoding = 4; lastKnownFileType = sourcecode.swift; path = TabHeaderView.swift; sourceTree = "<group>"; };
		2C08AF412B14506A00BAF3BD /* TabMenu.swift */ = {isa = PBXFileReference; fileEncoding = 4; lastKnownFileType = sourcecode.swift; path = TabMenu.swift; sourceTree = "<group>"; };
		2C08AF422B14506A00BAF3BD /* MenuCell.swift */ = {isa = PBXFileReference; fileEncoding = 4; lastKnownFileType = sourcecode.swift; path = MenuCell.swift; sourceTree = "<group>"; };
		2C0BB9732B147438009066A0 /* GradientView.swift */ = {isa = PBXFileReference; lastKnownFileType = sourcecode.swift; path = GradientView.swift; sourceTree = "<group>"; };
		2C0BB9752B14925C009066A0 /* NewAdVC.swift */ = {isa = PBXFileReference; lastKnownFileType = sourcecode.swift; path = NewAdVC.swift; sourceTree = "<group>"; };
		2C0BB9772B149280009066A0 /* NewAddConfig.swift */ = {isa = PBXFileReference; lastKnownFileType = sourcecode.swift; path = NewAddConfig.swift; sourceTree = "<group>"; };
		2C0BB9792B14960E009066A0 /* DashedView.swift */ = {isa = PBXFileReference; lastKnownFileType = sourcecode.swift; path = DashedView.swift; sourceTree = "<group>"; };
		2C7DE5F82B14A69800441E30 /* NewAddPresenter.swift */ = {isa = PBXFileReference; lastKnownFileType = sourcecode.swift; path = NewAddPresenter.swift; sourceTree = "<group>"; };
		2C7DE5FA2B14A6A000441E30 /* NewAddRouter.swift */ = {isa = PBXFileReference; lastKnownFileType = sourcecode.swift; path = NewAddRouter.swift; sourceTree = "<group>"; };
		2C8808A62B137FDB00DDEC98 /* DeshandDezTask.app */ = {isa = PBXFileReference; explicitFileType = wrapper.application; includeInIndex = 0; path = DeshandDezTask.app; sourceTree = BUILT_PRODUCTS_DIR; };
		2C8808A92B137FDB00DDEC98 /* AppDelegate.swift */ = {isa = PBXFileReference; lastKnownFileType = sourcecode.swift; path = AppDelegate.swift; sourceTree = "<group>"; };
		2C8808AB2B137FDB00DDEC98 /* SceneDelegate.swift */ = {isa = PBXFileReference; lastKnownFileType = sourcecode.swift; path = SceneDelegate.swift; sourceTree = "<group>"; };
		2C8808AD2B137FDB00DDEC98 /* ViewController.swift */ = {isa = PBXFileReference; lastKnownFileType = sourcecode.swift; path = ViewController.swift; sourceTree = "<group>"; };
		2C8808B02B137FDB00DDEC98 /* Base */ = {isa = PBXFileReference; lastKnownFileType = file.storyboard; name = Base; path = Base.lproj/Main.storyboard; sourceTree = "<group>"; };
		2C8808B22B137FDC00DDEC98 /* Assets.xcassets */ = {isa = PBXFileReference; lastKnownFileType = folder.assetcatalog; path = Assets.xcassets; sourceTree = "<group>"; };
		2C8808B52B137FDC00DDEC98 /* Base */ = {isa = PBXFileReference; lastKnownFileType = file.storyboard; name = Base; path = Base.lproj/LaunchScreen.storyboard; sourceTree = "<group>"; };
		2C8808B72B137FDC00DDEC98 /* Info.plist */ = {isa = PBXFileReference; lastKnownFileType = text.plist.xml; path = Info.plist; sourceTree = "<group>"; };
		2C8808BC2B137FDC00DDEC98 /* DeshandDezTaskTests.xctest */ = {isa = PBXFileReference; explicitFileType = wrapper.cfbundle; includeInIndex = 0; path = DeshandDezTaskTests.xctest; sourceTree = BUILT_PRODUCTS_DIR; };
		2C8808C02B137FDC00DDEC98 /* DeshandDezTaskTests.swift */ = {isa = PBXFileReference; lastKnownFileType = sourcecode.swift; path = DeshandDezTaskTests.swift; sourceTree = "<group>"; };
		2C8808C62B137FDC00DDEC98 /* DeshandDezTaskUITests.xctest */ = {isa = PBXFileReference; explicitFileType = wrapper.cfbundle; includeInIndex = 0; path = DeshandDezTaskUITests.xctest; sourceTree = BUILT_PRODUCTS_DIR; };
		2C8808CA2B137FDC00DDEC98 /* DeshandDezTaskUITests.swift */ = {isa = PBXFileReference; lastKnownFileType = sourcecode.swift; path = DeshandDezTaskUITests.swift; sourceTree = "<group>"; };
		2C8808CC2B137FDC00DDEC98 /* DeshandDezTaskUITestsLaunchTests.swift */ = {isa = PBXFileReference; lastKnownFileType = sourcecode.swift; path = DeshandDezTaskUITestsLaunchTests.swift; sourceTree = "<group>"; };
		2C8808DB2B13824800DDEC98 /* WaterFallConfiguration.swift */ = {isa = PBXFileReference; fileEncoding = 4; lastKnownFileType = sourcecode.swift; path = WaterFallConfiguration.swift; sourceTree = "<group>"; };
		2C8808DC2B13824800DDEC98 /* VerticalWaterfallBuilder.swift */ = {isa = PBXFileReference; fileEncoding = 4; lastKnownFileType = sourcecode.swift; path = VerticalWaterfallBuilder.swift; sourceTree = "<group>"; };
		2C8808DD2B13824800DDEC98 /* NSCollectionLayoutSection.swift */ = {isa = PBXFileReference; fileEncoding = 4; lastKnownFileType = sourcecode.swift; path = NSCollectionLayoutSection.swift; sourceTree = "<group>"; };
		2C8808E02B13824800DDEC98 /* StoryBoards.swift */ = {isa = PBXFileReference; fileEncoding = 4; lastKnownFileType = sourcecode.swift; path = StoryBoards.swift; sourceTree = "<group>"; };
		2C8808E22B13824800DDEC98 /* Development.xcconfig */ = {isa = PBXFileReference; fileEncoding = 4; lastKnownFileType = text.xcconfig; path = Development.xcconfig; sourceTree = "<group>"; };
		2C8808E32B13824800DDEC98 /* Staging.xcconfig */ = {isa = PBXFileReference; fileEncoding = 4; lastKnownFileType = text.xcconfig; path = Staging.xcconfig; sourceTree = "<group>"; };
		2C8808E42B13824800DDEC98 /* Production.xcconfig */ = {isa = PBXFileReference; fileEncoding = 4; lastKnownFileType = text.xcconfig; path = Production.xcconfig; sourceTree = "<group>"; };
		2C8808E52B13824800DDEC98 /* Configuration.swift */ = {isa = PBXFileReference; fileEncoding = 4; lastKnownFileType = sourcecode.swift; path = Configuration.swift; sourceTree = "<group>"; };
		2C8808E82B13824800DDEC98 /* IBMPlexSansArabic-SemiBold.ttf */ = {isa = PBXFileReference; lastKnownFileType = file; path = "IBMPlexSansArabic-SemiBold.ttf"; sourceTree = "<group>"; };
		2C8808E92B13824800DDEC98 /* IBMPlexSansArabic-Regular.ttf */ = {isa = PBXFileReference; lastKnownFileType = file; path = "IBMPlexSansArabic-Regular.ttf"; sourceTree = "<group>"; };
		2C8808EA2B13824800DDEC98 /* IBMPlexSansArabic-Light.ttf */ = {isa = PBXFileReference; lastKnownFileType = file; path = "IBMPlexSansArabic-Light.ttf"; sourceTree = "<group>"; };
		2C8808EB2B13824800DDEC98 /* IBMPlexSansArabic-ExtraLight.ttf */ = {isa = PBXFileReference; lastKnownFileType = file; path = "IBMPlexSansArabic-ExtraLight.ttf"; sourceTree = "<group>"; };
		2C8808EC2B13824800DDEC98 /* IBMPlexSansArabic-Bold.ttf */ = {isa = PBXFileReference; lastKnownFileType = file; path = "IBMPlexSansArabic-Bold.ttf"; sourceTree = "<group>"; };
		2C8808ED2B13824800DDEC98 /* IBMPlexSansArabic-Thin.ttf */ = {isa = PBXFileReference; lastKnownFileType = file; path = "IBMPlexSansArabic-Thin.ttf"; sourceTree = "<group>"; };
		2C8808EE2B13824800DDEC98 /* IBMPlexSansArabic-Medium.ttf */ = {isa = PBXFileReference; lastKnownFileType = file; path = "IBMPlexSansArabic-Medium.ttf"; sourceTree = "<group>"; };
		2C8808EF2B13824800DDEC98 /* Fonts.swift */ = {isa = PBXFileReference; fileEncoding = 4; lastKnownFileType = sourcecode.swift; path = Fonts.swift; sourceTree = "<group>"; };
		2C8808F12B13824800DDEC98 /* Poppins-ExtraLight.ttf */ = {isa = PBXFileReference; lastKnownFileType = file; path = "Poppins-ExtraLight.ttf"; sourceTree = "<group>"; };
		2C8808F22B13824800DDEC98 /* Poppins-ThinItalic.ttf */ = {isa = PBXFileReference; lastKnownFileType = file; path = "Poppins-ThinItalic.ttf"; sourceTree = "<group>"; };
		2C8808F32B13824800DDEC98 /* Poppins-ExtraLightItalic.ttf */ = {isa = PBXFileReference; lastKnownFileType = file; path = "Poppins-ExtraLightItalic.ttf"; sourceTree = "<group>"; };
		2C8808F42B13824800DDEC98 /* Poppins-BoldItalic.ttf */ = {isa = PBXFileReference; lastKnownFileType = file; path = "Poppins-BoldItalic.ttf"; sourceTree = "<group>"; };
		2C8808F52B13824800DDEC98 /* Poppins-Light.ttf */ = {isa = PBXFileReference; lastKnownFileType = file; path = "Poppins-Light.ttf"; sourceTree = "<group>"; };
		2C8808F62B13824800DDEC98 /* Poppins-Medium.ttf */ = {isa = PBXFileReference; lastKnownFileType = file; path = "Poppins-Medium.ttf"; sourceTree = "<group>"; };
		2C8808F72B13824800DDEC98 /* Poppins-SemiBoldItalic.ttf */ = {isa = PBXFileReference; lastKnownFileType = file; path = "Poppins-SemiBoldItalic.ttf"; sourceTree = "<group>"; };
		2C8808F82B13824800DDEC98 /* Poppins-ExtraBoldItalic.ttf */ = {isa = PBXFileReference; lastKnownFileType = file; path = "Poppins-ExtraBoldItalic.ttf"; sourceTree = "<group>"; };
		2C8808F92B13824800DDEC98 /* Poppins-ExtraBold.ttf */ = {isa = PBXFileReference; lastKnownFileType = file; path = "Poppins-ExtraBold.ttf"; sourceTree = "<group>"; };
		2C8808FA2B13824800DDEC98 /* Poppins-BlackItalic.ttf */ = {isa = PBXFileReference; lastKnownFileType = file; path = "Poppins-BlackItalic.ttf"; sourceTree = "<group>"; };
		2C8808FB2B13824800DDEC98 /* Poppins-Regular.ttf */ = {isa = PBXFileReference; lastKnownFileType = file; path = "Poppins-Regular.ttf"; sourceTree = "<group>"; };
		2C8808FC2B13824800DDEC98 /* Poppins-LightItalic.ttf */ = {isa = PBXFileReference; lastKnownFileType = file; path = "Poppins-LightItalic.ttf"; sourceTree = "<group>"; };
		2C8808FD2B13824800DDEC98 /* Poppins-Bold.ttf */ = {isa = PBXFileReference; lastKnownFileType = file; path = "Poppins-Bold.ttf"; sourceTree = "<group>"; };
		2C8808FE2B13824800DDEC98 /* Poppins-Black.ttf */ = {isa = PBXFileReference; lastKnownFileType = file; path = "Poppins-Black.ttf"; sourceTree = "<group>"; };
		2C8808FF2B13824800DDEC98 /* Poppins-Thin.ttf */ = {isa = PBXFileReference; lastKnownFileType = file; path = "Poppins-Thin.ttf"; sourceTree = "<group>"; };
		2C8809002B13824800DDEC98 /* Poppins-SemiBold.ttf */ = {isa = PBXFileReference; lastKnownFileType = file; path = "Poppins-SemiBold.ttf"; sourceTree = "<group>"; };
		2C8809012B13824800DDEC98 /* Poppins-Italic.ttf */ = {isa = PBXFileReference; lastKnownFileType = file; path = "Poppins-Italic.ttf"; sourceTree = "<group>"; };
		2C8809022B13824800DDEC98 /* Poppins-MediumItalic.ttf */ = {isa = PBXFileReference; lastKnownFileType = file; path = "Poppins-MediumItalic.ttf"; sourceTree = "<group>"; };
		2C8809042B13824800DDEC98 /* Colors.xcassets */ = {isa = PBXFileReference; lastKnownFileType = folder.assetcatalog; path = Colors.xcassets; sourceTree = "<group>"; };
		2C8809072B13824800DDEC98 /* AlertMessage.swift */ = {isa = PBXFileReference; fileEncoding = 4; lastKnownFileType = sourcecode.swift; path = AlertMessage.swift; sourceTree = "<group>"; };
		2C8809082B13824800DDEC98 /* UserDefaultManager.swift */ = {isa = PBXFileReference; fileEncoding = 4; lastKnownFileType = sourcecode.swift; path = UserDefaultManager.swift; sourceTree = "<group>"; };
		2C8809092B13824800DDEC98 /* LocalizationManager.swift */ = {isa = PBXFileReference; fileEncoding = 4; lastKnownFileType = sourcecode.swift; path = LocalizationManager.swift; sourceTree = "<group>"; };
		2C88090A2B13824800DDEC98 /* ActInd.swift */ = {isa = PBXFileReference; fileEncoding = 4; lastKnownFileType = sourcecode.swift; path = ActInd.swift; sourceTree = "<group>"; };
		2C88090B2B13824800DDEC98 /* LocationManager.swift */ = {isa = PBXFileReference; fileEncoding = 4; lastKnownFileType = sourcecode.swift; path = LocationManager.swift; sourceTree = "<group>"; };
		2C88090D2B13824800DDEC98 /* ResponseHanlder.swift */ = {isa = PBXFileReference; fileEncoding = 4; lastKnownFileType = sourcecode.swift; path = ResponseHanlder.swift; sourceTree = "<group>"; };
		2C88090F2B13824800DDEC98 /* Moya+Extension.swift */ = {isa = PBXFileReference; fileEncoding = 4; lastKnownFileType = sourcecode.swift; path = "Moya+Extension.swift"; sourceTree = "<group>"; };
		2C8809102B13824800DDEC98 /* UiColor+Extension.swift */ = {isa = PBXFileReference; fileEncoding = 4; lastKnownFileType = sourcecode.swift; path = "UiColor+Extension.swift"; sourceTree = "<group>"; };
		2C8809112B13824800DDEC98 /* IBInspectables.swift */ = {isa = PBXFileReference; fileEncoding = 4; lastKnownFileType = sourcecode.swift; path = IBInspectables.swift; sourceTree = "<group>"; };
		2C8809132B13824800DDEC98 /* String + Extensions.swift */ = {isa = PBXFileReference; fileEncoding = 4; lastKnownFileType = sourcecode.swift; path = "String + Extensions.swift"; sourceTree = "<group>"; };
		2C8809142B13824800DDEC98 /* Double+Extension.swift */ = {isa = PBXFileReference; fileEncoding = 4; lastKnownFileType = sourcecode.swift; path = "Double+Extension.swift"; sourceTree = "<group>"; };
		2C8809152B13824800DDEC98 /* UITabbar + Extension.swift */ = {isa = PBXFileReference; fileEncoding = 4; lastKnownFileType = sourcecode.swift; path = "UITabbar + Extension.swift"; sourceTree = "<group>"; };
		2C8809162B13824800DDEC98 /* UIViewController+Extension.swift */ = {isa = PBXFileReference; fileEncoding = 4; lastKnownFileType = sourcecode.swift; path = "UIViewController+Extension.swift"; sourceTree = "<group>"; };
		2C8809172B13824800DDEC98 /* UICollectionView + Extension.swift */ = {isa = PBXFileReference; fileEncoding = 4; lastKnownFileType = sourcecode.swift; path = "UICollectionView + Extension.swift"; sourceTree = "<group>"; };
		2C8809182B13824800DDEC98 /* UIScene + Extensions.swift */ = {isa = PBXFileReference; fileEncoding = 4; lastKnownFileType = sourcecode.swift; path = "UIScene + Extensions.swift"; sourceTree = "<group>"; };
		2C8809192B13824800DDEC98 /* UIDate+Extension.swift */ = {isa = PBXFileReference; fileEncoding = 4; lastKnownFileType = sourcecode.swift; path = "UIDate+Extension.swift"; sourceTree = "<group>"; };
		2C88091A2B13824800DDEC98 /* View+Ext.swift */ = {isa = PBXFileReference; fileEncoding = 4; lastKnownFileType = sourcecode.swift; path = "View+Ext.swift"; sourceTree = "<group>"; };
		2C88091B2B13824800DDEC98 /* UIImageView+Extnsion.swift */ = {isa = PBXFileReference; fileEncoding = 4; lastKnownFileType = sourcecode.swift; path = "UIImageView+Extnsion.swift"; sourceTree = "<group>"; };
		2C88091C2B13824800DDEC98 /* Codable+Extension.swift */ = {isa = PBXFileReference; fileEncoding = 4; lastKnownFileType = sourcecode.swift; path = "Codable+Extension.swift"; sourceTree = "<group>"; };
		2C88091D2B13824800DDEC98 /* Font.swift */ = {isa = PBXFileReference; fileEncoding = 4; lastKnownFileType = sourcecode.swift; path = Font.swift; sourceTree = "<group>"; };
		2C88091E2B13824800DDEC98 /* UITableView + Extension.swift */ = {isa = PBXFileReference; fileEncoding = 4; lastKnownFileType = sourcecode.swift; path = "UITableView + Extension.swift"; sourceTree = "<group>"; };
		2C88091F2B13824800DDEC98 /* UIApplication.swift */ = {isa = PBXFileReference; fileEncoding = 4; lastKnownFileType = sourcecode.swift; path = UIApplication.swift; sourceTree = "<group>"; };
		2C8809212B13824800DDEC98 /* BadgedButtonItem.swift */ = {isa = PBXFileReference; fileEncoding = 4; lastKnownFileType = sourcecode.swift; path = BadgedButtonItem.swift; sourceTree = "<group>"; };
		2C8809622B13842B00DDEC98 /* Section.swift */ = {isa = PBXFileReference; fileEncoding = 4; lastKnownFileType = sourcecode.swift; path = Section.swift; sourceTree = "<group>"; };
		2C8809632B13842B00DDEC98 /* Page.swift */ = {isa = PBXFileReference; fileEncoding = 4; lastKnownFileType = sourcecode.swift; path = Page.swift; sourceTree = "<group>"; };
		2C8809652B13842B00DDEC98 /* ErrorModel.swift */ = {isa = PBXFileReference; fileEncoding = 4; lastKnownFileType = sourcecode.swift; path = ErrorModel.swift; sourceTree = "<group>"; };
		2C8809672B13842B00DDEC98 /* GenericNetworkResponse.swift */ = {isa = PBXFileReference; fileEncoding = 4; lastKnownFileType = sourcecode.swift; path = GenericNetworkResponse.swift; sourceTree = "<group>"; };
/* End PBXFileReference section */

/* Begin PBXFrameworksBuildPhase section */
		2C8808A32B137FDA00DDEC98 /* Frameworks */ = {
			isa = PBXFrameworksBuildPhase;
			buildActionMask = 2147483647;
			files = (
			);
			runOnlyForDeploymentPostprocessing = 0;
		};
		2C8808B92B137FDC00DDEC98 /* Frameworks */ = {
			isa = PBXFrameworksBuildPhase;
			buildActionMask = 2147483647;
			files = (
			);
			runOnlyForDeploymentPostprocessing = 0;
		};
		2C8808C32B137FDC00DDEC98 /* Frameworks */ = {
			isa = PBXFrameworksBuildPhase;
			buildActionMask = 2147483647;
			files = (
			);
			runOnlyForDeploymentPostprocessing = 0;
		};
/* End PBXFrameworksBuildPhase section */

/* Begin PBXGroup section */
		2C08AF102B1393C100BAF3BD /* HomeVC */ = {
			isa = PBXGroup;
			children = (
				2C08AF142B1393C100BAF3BD /* Cells */,
				2C08AF112B1393C100BAF3BD /* SupplementaryViews */,
				2C08AF302B13B69E00BAF3BD /* HomeConfigurator.swift */,
				2C08AF1C2B1393C100BAF3BD /* HomeVC.swift */,
				2C08AF182B1393C100BAF3BD /* HomePresenter.swift */,
				2C08AF2E2B13B55900BAF3BD /* HomeRouter.swift */,
				2C08AF192B1393C100BAF3BD /* HomeCollectionView.swift */,
			);
			path = HomeVC;
			sourceTree = "<group>";
		};
		2C08AF112B1393C100BAF3BD /* SupplementaryViews */ = {
			isa = PBXGroup;
			children = (
				2C08AF402B14506A00BAF3BD /* TabMenu */,
				2C08AF3E2B144FEE00BAF3BD /* TabHeaderView.swift */,
				2C08AF122B1393C100BAF3BD /* TitleHeaderView.swift */,
				2C08AF132B1393C100BAF3BD /* PagerFooterView.swift */,
			);
			path = SupplementaryViews;
			sourceTree = "<group>";
		};
		2C08AF142B1393C100BAF3BD /* Cells */ = {
			isa = PBXGroup;
			children = (
				2C08AF322B13B8AF00BAF3BD /* PersonCell.swift */,
				2C08AF362B14258E00BAF3BD /* CategoryHeaderCell.swift */,
				2C08AF3A2B143F5100BAF3BD /* CategoryCell.swift */,
				2C08AF382B143B1400BAF3BD /* CategoryImageCell.swift */,
				2C08AF3C2B14440100BAF3BD /* CategoriesCollectionView.swift */,
			);
			path = Cells;
			sourceTree = "<group>";
		};
		2C08AF262B13AB1500BAF3BD /* Ads */ = {
			isa = PBXGroup;
			children = (
				2C08AF102B1393C100BAF3BD /* HomeVC */,
				2C08AF272B13AB3400BAF3BD /* NewAdVC */,
			);
			path = Ads;
			sourceTree = "<group>";
		};
		2C08AF272B13AB3400BAF3BD /* NewAdVC */ = {
			isa = PBXGroup;
			children = (
				2C0BB9772B149280009066A0 /* NewAddConfig.swift */,
				2C0BB9752B14925C009066A0 /* NewAdVC.swift */,
				2C7DE5F82B14A69800441E30 /* NewAddPresenter.swift */,
				2C7DE5FA2B14A6A000441E30 /* NewAddRouter.swift */,
			);
			path = NewAdVC;
			sourceTree = "<group>";
		};
		2C08AF282B13AB6200BAF3BD /* Services */ = {
			isa = PBXGroup;
			children = (
				2C08AF292B13AB6D00BAF3BD /* AdsService.swift */,
			);
			path = Services;
			sourceTree = "<group>";
		};
		2C08AF402B14506A00BAF3BD /* TabMenu */ = {
			isa = PBXGroup;
			children = (
				2C08AF412B14506A00BAF3BD /* TabMenu.swift */,
				2C08AF422B14506A00BAF3BD /* MenuCell.swift */,
			);
			path = TabMenu;
			sourceTree = "<group>";
		};
		2C88089D2B137FDA00DDEC98 = {
			isa = PBXGroup;
			children = (
				2C8808A82B137FDB00DDEC98 /* DeshandDezTask */,
				2C8808BF2B137FDC00DDEC98 /* DeshandDezTaskTests */,
				2C8808C92B137FDC00DDEC98 /* DeshandDezTaskUITests */,
				2C8808A72B137FDB00DDEC98 /* Products */,
			);
			sourceTree = "<group>";
		};
		2C8808A72B137FDB00DDEC98 /* Products */ = {
			isa = PBXGroup;
			children = (
				2C8808A62B137FDB00DDEC98 /* DeshandDezTask.app */,
				2C8808BC2B137FDC00DDEC98 /* DeshandDezTaskTests.xctest */,
				2C8808C62B137FDC00DDEC98 /* DeshandDezTaskUITests.xctest */,
			);
			name = Products;
			sourceTree = "<group>";
		};
		2C8808A82B137FDB00DDEC98 /* DeshandDezTask */ = {
			isa = PBXGroup;
			children = (
				2C8808A92B137FDB00DDEC98 /* AppDelegate.swift */,
				2C8808AB2B137FDB00DDEC98 /* SceneDelegate.swift */,
				2C08AF0E2B13896900BAF3BD /* BaseVC.swift */,
				2C8808AD2B137FDB00DDEC98 /* ViewController.swift */,
				2C08AF282B13AB6200BAF3BD /* Services */,
				2C08AF262B13AB1500BAF3BD /* Ads */,
				2C8808AF2B137FDB00DDEC98 /* Main.storyboard */,
				2C8808B42B137FDC00DDEC98 /* LaunchScreen.storyboard */,
				2C88095E2B13842B00DDEC98 /* Models */,
				2C8808D92B13824800DDEC98 /* Support */,
				2C8808B72B137FDC00DDEC98 /* Info.plist */,
			);
			path = DeshandDezTask;
			sourceTree = "<group>";
		};
		2C8808BF2B137FDC00DDEC98 /* DeshandDezTaskTests */ = {
			isa = PBXGroup;
			children = (
				2C8808C02B137FDC00DDEC98 /* DeshandDezTaskTests.swift */,
			);
			path = DeshandDezTaskTests;
			sourceTree = "<group>";
		};
		2C8808C92B137FDC00DDEC98 /* DeshandDezTaskUITests */ = {
			isa = PBXGroup;
			children = (
				2C8808CA2B137FDC00DDEC98 /* DeshandDezTaskUITests.swift */,
				2C8808CC2B137FDC00DDEC98 /* DeshandDezTaskUITestsLaunchTests.swift */,
			);
			path = DeshandDezTaskUITests;
			sourceTree = "<group>";
		};
		2C8808D92B13824800DDEC98 /* Support */ = {
			isa = PBXGroup;
			children = (
				2C8808DA2B13824800DDEC98 /* CollectionViewConfigurations */,
				2C8808DE2B13824800DDEC98 /* Resources */,
				2C8809062B13824800DDEC98 /* Managers */,
				2C88090C2B13824800DDEC98 /* Network */,
				2C88090E2B13824800DDEC98 /* Extensions */,
				2C8809202B13824800DDEC98 /* CustomViews */,
			);
			path = Support;
			sourceTree = "<group>";
		};
		2C8808DA2B13824800DDEC98 /* CollectionViewConfigurations */ = {
			isa = PBXGroup;
			children = (
				2C8808DB2B13824800DDEC98 /* WaterFallConfiguration.swift */,
				2C8808DC2B13824800DDEC98 /* VerticalWaterfallBuilder.swift */,
				2C8808DD2B13824800DDEC98 /* NSCollectionLayoutSection.swift */,
			);
			path = CollectionViewConfigurations;
			sourceTree = "<group>";
		};
		2C8808DE2B13824800DDEC98 /* Resources */ = {
			isa = PBXGroup;
			children = (
				2C8808DF2B13824800DDEC98 /* Localize */,
				2C8808E02B13824800DDEC98 /* StoryBoards.swift */,
				2C8808E12B13824800DDEC98 /* Configs */,
				2C8808E62B13824800DDEC98 /* Fonts */,
				2C8809032B13824800DDEC98 /* Assets */,
			);
			path = Resources;
			sourceTree = "<group>";
		};
		2C8808DF2B13824800DDEC98 /* Localize */ = {
			isa = PBXGroup;
			children = (
			);
			path = Localize;
			sourceTree = "<group>";
		};
		2C8808E12B13824800DDEC98 /* Configs */ = {
			isa = PBXGroup;
			children = (
				2C8808E22B13824800DDEC98 /* Development.xcconfig */,
				2C8808E32B13824800DDEC98 /* Staging.xcconfig */,
				2C8808E42B13824800DDEC98 /* Production.xcconfig */,
				2C8808E52B13824800DDEC98 /* Configuration.swift */,
			);
			path = Configs;
			sourceTree = "<group>";
		};
		2C8808E62B13824800DDEC98 /* Fonts */ = {
			isa = PBXGroup;
			children = (
				2C8808E72B13824800DDEC98 /* IBMPlexSans */,
				2C8808EF2B13824800DDEC98 /* Fonts.swift */,
				2C8808F02B13824800DDEC98 /* Poppins */,
			);
			path = Fonts;
			sourceTree = "<group>";
		};
		2C8808E72B13824800DDEC98 /* IBMPlexSans */ = {
			isa = PBXGroup;
			children = (
				2C8808E82B13824800DDEC98 /* IBMPlexSansArabic-SemiBold.ttf */,
				2C8808E92B13824800DDEC98 /* IBMPlexSansArabic-Regular.ttf */,
				2C8808EA2B13824800DDEC98 /* IBMPlexSansArabic-Light.ttf */,
				2C8808EB2B13824800DDEC98 /* IBMPlexSansArabic-ExtraLight.ttf */,
				2C8808EC2B13824800DDEC98 /* IBMPlexSansArabic-Bold.ttf */,
				2C8808ED2B13824800DDEC98 /* IBMPlexSansArabic-Thin.ttf */,
				2C8808EE2B13824800DDEC98 /* IBMPlexSansArabic-Medium.ttf */,
			);
			path = IBMPlexSans;
			sourceTree = "<group>";
		};
		2C8808F02B13824800DDEC98 /* Poppins */ = {
			isa = PBXGroup;
			children = (
				2C8808F12B13824800DDEC98 /* Poppins-ExtraLight.ttf */,
				2C8808F22B13824800DDEC98 /* Poppins-ThinItalic.ttf */,
				2C8808F32B13824800DDEC98 /* Poppins-ExtraLightItalic.ttf */,
				2C8808F42B13824800DDEC98 /* Poppins-BoldItalic.ttf */,
				2C8808F52B13824800DDEC98 /* Poppins-Light.ttf */,
				2C8808F62B13824800DDEC98 /* Poppins-Medium.ttf */,
				2C8808F72B13824800DDEC98 /* Poppins-SemiBoldItalic.ttf */,
				2C8808F82B13824800DDEC98 /* Poppins-ExtraBoldItalic.ttf */,
				2C8808F92B13824800DDEC98 /* Poppins-ExtraBold.ttf */,
				2C8808FA2B13824800DDEC98 /* Poppins-BlackItalic.ttf */,
				2C8808FB2B13824800DDEC98 /* Poppins-Regular.ttf */,
				2C8808FC2B13824800DDEC98 /* Poppins-LightItalic.ttf */,
				2C8808FD2B13824800DDEC98 /* Poppins-Bold.ttf */,
				2C8808FE2B13824800DDEC98 /* Poppins-Black.ttf */,
				2C8808FF2B13824800DDEC98 /* Poppins-Thin.ttf */,
				2C8809002B13824800DDEC98 /* Poppins-SemiBold.ttf */,
				2C8809012B13824800DDEC98 /* Poppins-Italic.ttf */,
				2C8809022B13824800DDEC98 /* Poppins-MediumItalic.ttf */,
			);
			path = Poppins;
			sourceTree = "<group>";
		};
		2C8809032B13824800DDEC98 /* Assets */ = {
			isa = PBXGroup;
			children = (
				2C8808B22B137FDC00DDEC98 /* Assets.xcassets */,
				2C8809042B13824800DDEC98 /* Colors.xcassets */,
			);
			path = Assets;
			sourceTree = "<group>";
		};
		2C8809062B13824800DDEC98 /* Managers */ = {
			isa = PBXGroup;
			children = (
				2C8809072B13824800DDEC98 /* AlertMessage.swift */,
				2C8809082B13824800DDEC98 /* UserDefaultManager.swift */,
				2C8809092B13824800DDEC98 /* LocalizationManager.swift */,
				2C88090A2B13824800DDEC98 /* ActInd.swift */,
				2C88090B2B13824800DDEC98 /* LocationManager.swift */,
			);
			path = Managers;
			sourceTree = "<group>";
		};
		2C88090C2B13824800DDEC98 /* Network */ = {
			isa = PBXGroup;
			children = (
				2C88090D2B13824800DDEC98 /* ResponseHanlder.swift */,
			);
			path = Network;
			sourceTree = "<group>";
		};
		2C88090E2B13824800DDEC98 /* Extensions */ = {
			isa = PBXGroup;
			children = (
				2C88090F2B13824800DDEC98 /* Moya+Extension.swift */,
				2C8809102B13824800DDEC98 /* UiColor+Extension.swift */,
				2C8809112B13824800DDEC98 /* IBInspectables.swift */,
				2C8809132B13824800DDEC98 /* String + Extensions.swift */,
				2C8809142B13824800DDEC98 /* Double+Extension.swift */,
				2C8809152B13824800DDEC98 /* UITabbar + Extension.swift */,
				2C8809162B13824800DDEC98 /* UIViewController+Extension.swift */,
				2C8809172B13824800DDEC98 /* UICollectionView + Extension.swift */,
				2C8809182B13824800DDEC98 /* UIScene + Extensions.swift */,
				2C8809192B13824800DDEC98 /* UIDate+Extension.swift */,
				2C88091A2B13824800DDEC98 /* View+Ext.swift */,
				2C88091B2B13824800DDEC98 /* UIImageView+Extnsion.swift */,
				2C88091C2B13824800DDEC98 /* Codable+Extension.swift */,
				2C88091D2B13824800DDEC98 /* Font.swift */,
				2C88091E2B13824800DDEC98 /* UITableView + Extension.swift */,
				2C88091F2B13824800DDEC98 /* UIApplication.swift */,
			);
			path = Extensions;
			sourceTree = "<group>";
		};
		2C8809202B13824800DDEC98 /* CustomViews */ = {
			isa = PBXGroup;
			children = (
				2C8809212B13824800DDEC98 /* BadgedButtonItem.swift */,
				2C0BB9732B147438009066A0 /* GradientView.swift */,
				2C0BB9792B14960E009066A0 /* DashedView.swift */,
			);
			path = CustomViews;
			sourceTree = "<group>";
		};
		2C88095E2B13842B00DDEC98 /* Models */ = {
			isa = PBXGroup;
			children = (
				2C88095F2B13842B00DDEC98 /* Home */,
				2C8809612B13842B00DDEC98 /* CollectionView */,
				2C8809642B13842B00DDEC98 /* ErrorModel */,
				2C8809662B13842B00DDEC98 /* GenericModel */,
			);
			path = Models;
			sourceTree = "<group>";
		};
		2C88095F2B13842B00DDEC98 /* Home */ = {
			isa = PBXGroup;
			children = (
				2C08AF2B2B13B18200BAF3BD /* PersonModel.swift */,
				2C08AF342B14242C00BAF3BD /* CategoriesModel.swift */,
			);
			path = Home;
			sourceTree = "<group>";
		};
		2C8809612B13842B00DDEC98 /* CollectionView */ = {
			isa = PBXGroup;
			children = (
				2C8809622B13842B00DDEC98 /* Section.swift */,
				2C8809632B13842B00DDEC98 /* Page.swift */,
			);
			path = CollectionView;
			sourceTree = "<group>";
		};
		2C8809642B13842B00DDEC98 /* ErrorModel */ = {
			isa = PBXGroup;
			children = (
				2C8809652B13842B00DDEC98 /* ErrorModel.swift */,
			);
			path = ErrorModel;
			sourceTree = "<group>";
		};
		2C8809662B13842B00DDEC98 /* GenericModel */ = {
			isa = PBXGroup;
			children = (
				2C8809672B13842B00DDEC98 /* GenericNetworkResponse.swift */,
			);
			path = GenericModel;
			sourceTree = "<group>";
		};
/* End PBXGroup section */

/* Begin PBXNativeTarget section */
		2C8808A52B137FDA00DDEC98 /* DeshandDezTask */ = {
			isa = PBXNativeTarget;
			buildConfigurationList = 2C8808D02B137FDC00DDEC98 /* Build configuration list for PBXNativeTarget "DeshandDezTask" */;
			buildPhases = (
				2C8808A22B137FDA00DDEC98 /* Sources */,
				2C8808A32B137FDA00DDEC98 /* Frameworks */,
				2C8808A42B137FDA00DDEC98 /* Resources */,
			);
			buildRules = (
			);
			dependencies = (
			);
			name = DeshandDezTask;
			productName = DeshandDezTask;
			productReference = 2C8808A62B137FDB00DDEC98 /* DeshandDezTask.app */;
			productType = "com.apple.product-type.application";
		};
		2C8808BB2B137FDC00DDEC98 /* DeshandDezTaskTests */ = {
			isa = PBXNativeTarget;
			buildConfigurationList = 2C8808D32B137FDC00DDEC98 /* Build configuration list for PBXNativeTarget "DeshandDezTaskTests" */;
			buildPhases = (
				2C8808B82B137FDC00DDEC98 /* Sources */,
				2C8808B92B137FDC00DDEC98 /* Frameworks */,
				2C8808BA2B137FDC00DDEC98 /* Resources */,
			);
			buildRules = (
			);
			dependencies = (
				2C8808BE2B137FDC00DDEC98 /* PBXTargetDependency */,
			);
			name = DeshandDezTaskTests;
			productName = DeshandDezTaskTests;
			productReference = 2C8808BC2B137FDC00DDEC98 /* DeshandDezTaskTests.xctest */;
			productType = "com.apple.product-type.bundle.unit-test";
		};
		2C8808C52B137FDC00DDEC98 /* DeshandDezTaskUITests */ = {
			isa = PBXNativeTarget;
			buildConfigurationList = 2C8808D62B137FDC00DDEC98 /* Build configuration list for PBXNativeTarget "DeshandDezTaskUITests" */;
			buildPhases = (
				2C8808C22B137FDC00DDEC98 /* Sources */,
				2C8808C32B137FDC00DDEC98 /* Frameworks */,
				2C8808C42B137FDC00DDEC98 /* Resources */,
			);
			buildRules = (
			);
			dependencies = (
				2C8808C82B137FDC00DDEC98 /* PBXTargetDependency */,
			);
			name = DeshandDezTaskUITests;
			productName = DeshandDezTaskUITests;
			productReference = 2C8808C62B137FDC00DDEC98 /* DeshandDezTaskUITests.xctest */;
			productType = "com.apple.product-type.bundle.ui-testing";
		};
/* End PBXNativeTarget section */

/* Begin PBXProject section */
		2C88089E2B137FDA00DDEC98 /* Project object */ = {
			isa = PBXProject;
			attributes = {
				BuildIndependentTargetsInParallel = 1;
				LastSwiftUpdateCheck = 1500;
				LastUpgradeCheck = 1500;
				TargetAttributes = {
					2C8808A52B137FDA00DDEC98 = {
						CreatedOnToolsVersion = 15.0.1;
					};
					2C8808BB2B137FDC00DDEC98 = {
						CreatedOnToolsVersion = 15.0.1;
						TestTargetID = 2C8808A52B137FDA00DDEC98;
					};
					2C8808C52B137FDC00DDEC98 = {
						CreatedOnToolsVersion = 15.0.1;
						TestTargetID = 2C8808A52B137FDA00DDEC98;
					};
				};
			};
			buildConfigurationList = 2C8808A12B137FDA00DDEC98 /* Build configuration list for PBXProject "DeshandDezTask" */;
			compatibilityVersion = "Xcode 14.0";
			developmentRegion = en;
			hasScannedForEncodings = 0;
			knownRegions = (
				en,
				Base,
			);
			mainGroup = 2C88089D2B137FDA00DDEC98;
			productRefGroup = 2C8808A72B137FDB00DDEC98 /* Products */;
			projectDirPath = "";
			projectRoot = "";
			targets = (
				2C8808A52B137FDA00DDEC98 /* DeshandDezTask */,
				2C8808BB2B137FDC00DDEC98 /* DeshandDezTaskTests */,
				2C8808C52B137FDC00DDEC98 /* DeshandDezTaskUITests */,
			);
		};
/* End PBXProject section */

/* Begin PBXResourcesBuildPhase section */
		2C8808A42B137FDA00DDEC98 /* Resources */ = {
			isa = PBXResourcesBuildPhase;
			buildActionMask = 2147483647;
			files = (
				2C8809342B13824800DDEC98 /* Poppins-ExtraLightItalic.ttf in Resources */,
				2C8809402B13824800DDEC98 /* Poppins-Thin.ttf in Resources */,
				2C8809362B13824800DDEC98 /* Poppins-Light.ttf in Resources */,
				2C88092B2B13824800DDEC98 /* IBMPlexSansArabic-Regular.ttf in Resources */,
				2C8809392B13824800DDEC98 /* Poppins-ExtraBoldItalic.ttf in Resources */,
				2C8808B62B137FDC00DDEC98 /* LaunchScreen.storyboard in Resources */,
				2C88092F2B13824800DDEC98 /* IBMPlexSansArabic-Thin.ttf in Resources */,
				2C88093F2B13824800DDEC98 /* Poppins-Black.ttf in Resources */,
				2C8809382B13824800DDEC98 /* Poppins-SemiBoldItalic.ttf in Resources */,
				2C88092C2B13824800DDEC98 /* IBMPlexSansArabic-Light.ttf in Resources */,
				2C8808B32B137FDC00DDEC98 /* Assets.xcassets in Resources */,
				2C88092D2B13824800DDEC98 /* IBMPlexSansArabic-ExtraLight.ttf in Resources */,
				2C8809322B13824800DDEC98 /* Poppins-ExtraLight.ttf in Resources */,
				2C88093D2B13824800DDEC98 /* Poppins-LightItalic.ttf in Resources */,
				2C8809262B13824800DDEC98 /* Development.xcconfig in Resources */,
				2C8809352B13824800DDEC98 /* Poppins-BoldItalic.ttf in Resources */,
				2C8809272B13824800DDEC98 /* Staging.xcconfig in Resources */,
				2C8808B12B137FDB00DDEC98 /* Main.storyboard in Resources */,
				2C8809422B13824800DDEC98 /* Poppins-Italic.ttf in Resources */,
				2C88093C2B13824800DDEC98 /* Poppins-Regular.ttf in Resources */,
				2C8809302B13824800DDEC98 /* IBMPlexSansArabic-Medium.ttf in Resources */,
				2C8809372B13824800DDEC98 /* Poppins-Medium.ttf in Resources */,
				2C88093B2B13824800DDEC98 /* Poppins-BlackItalic.ttf in Resources */,
				2C88092A2B13824800DDEC98 /* IBMPlexSansArabic-SemiBold.ttf in Resources */,
				2C8809432B13824800DDEC98 /* Poppins-MediumItalic.ttf in Resources */,
				2C8809412B13824800DDEC98 /* Poppins-SemiBold.ttf in Resources */,
				2C88093E2B13824800DDEC98 /* Poppins-Bold.ttf in Resources */,
				2C88093A2B13824800DDEC98 /* Poppins-ExtraBold.ttf in Resources */,
				2C8809332B13824800DDEC98 /* Poppins-ThinItalic.ttf in Resources */,
				2C8809442B13824800DDEC98 /* Colors.xcassets in Resources */,
				2C88092E2B13824800DDEC98 /* IBMPlexSansArabic-Bold.ttf in Resources */,
				2C8809282B13824800DDEC98 /* Production.xcconfig in Resources */,
			);
			runOnlyForDeploymentPostprocessing = 0;
		};
		2C8808BA2B137FDC00DDEC98 /* Resources */ = {
			isa = PBXResourcesBuildPhase;
			buildActionMask = 2147483647;
			files = (
			);
			runOnlyForDeploymentPostprocessing = 0;
		};
		2C8808C42B137FDC00DDEC98 /* Resources */ = {
			isa = PBXResourcesBuildPhase;
			buildActionMask = 2147483647;
			files = (
			);
			runOnlyForDeploymentPostprocessing = 0;
		};
/* End PBXResourcesBuildPhase section */

/* Begin PBXSourcesBuildPhase section */
		2C8808A22B137FDA00DDEC98 /* Sources */ = {
			isa = PBXSourcesBuildPhase;
			buildActionMask = 2147483647;
			files = (
				2C88095C2B13824800DDEC98 /* UIApplication.swift in Sources */,
				2C0BB9762B14925C009066A0 /* NewAdVC.swift in Sources */,
				2C08AF1E2B1393C100BAF3BD /* PagerFooterView.swift in Sources */,
				2C8808AE2B137FDB00DDEC98 /* ViewController.swift in Sources */,
				2C8809252B13824800DDEC98 /* StoryBoards.swift in Sources */,
				2C08AF1D2B1393C100BAF3BD /* TitleHeaderView.swift in Sources */,
				2C0BB97A2B14960E009066A0 /* DashedView.swift in Sources */,
				2C88096A2B13842B00DDEC98 /* Page.swift in Sources */,
				2C88095A2B13824800DDEC98 /* Font.swift in Sources */,
				2C88096B2B13842B00DDEC98 /* ErrorModel.swift in Sources */,
				2C8809572B13824800DDEC98 /* View+Ext.swift in Sources */,
				2C8809512B13824800DDEC98 /* Double+Extension.swift in Sources */,
				2C8809222B13824800DDEC98 /* WaterFallConfiguration.swift in Sources */,
				2C8809232B13824800DDEC98 /* VerticalWaterfallBuilder.swift in Sources */,
				2C08AF252B1393C100BAF3BD /* HomeVC.swift in Sources */,
				2C08AF232B1393C100BAF3BD /* HomeCollectionView.swift in Sources */,
				2C8809482B13824800DDEC98 /* LocalizationManager.swift in Sources */,
				2C8808AA2B137FDB00DDEC98 /* AppDelegate.swift in Sources */,
				2C08AF442B14506A00BAF3BD /* MenuCell.swift in Sources */,
				2C8809532B13824800DDEC98 /* UIViewController+Extension.swift in Sources */,
				2C08AF3B2B143F5100BAF3BD /* CategoryCell.swift in Sources */,
				2C8809242B13824800DDEC98 /* NSCollectionLayoutSection.swift in Sources */,
				2C8809462B13824800DDEC98 /* AlertMessage.swift in Sources */,
				2C08AF432B14506A00BAF3BD /* TabMenu.swift in Sources */,
				2C8809492B13824800DDEC98 /* ActInd.swift in Sources */,
				2C88094B2B13824800DDEC98 /* ResponseHanlder.swift in Sources */,
				2C08AF3D2B14440100BAF3BD /* CategoriesCollectionView.swift in Sources */,
				2C08AF222B1393C100BAF3BD /* HomePresenter.swift in Sources */,
				2C88094D2B13824800DDEC98 /* UiColor+Extension.swift in Sources */,
				2C8809692B13842B00DDEC98 /* Section.swift in Sources */,
				2C8809472B13824800DDEC98 /* UserDefaultManager.swift in Sources */,
				2C88096C2B13842B00DDEC98 /* GenericNetworkResponse.swift in Sources */,
				2C88094A2B13824800DDEC98 /* LocationManager.swift in Sources */,
				2C08AF0F2B13896900BAF3BD /* BaseVC.swift in Sources */,
				2C8809552B13824800DDEC98 /* UIScene + Extensions.swift in Sources */,
				2C8809502B13824800DDEC98 /* String + Extensions.swift in Sources */,
				2C8809292B13824800DDEC98 /* Configuration.swift in Sources */,
				2C08AF392B143B1400BAF3BD /* CategoryImageCell.swift in Sources */,
				2C08AF372B14258E00BAF3BD /* CategoryHeaderCell.swift in Sources */,
				2C88095B2B13824800DDEC98 /* UITableView + Extension.swift in Sources */,
				2C08AF2C2B13B18200BAF3BD /* PersonModel.swift in Sources */,
				2C8809592B13824800DDEC98 /* Codable+Extension.swift in Sources */,
				2C08AF3F2B144FEE00BAF3BD /* TabHeaderView.swift in Sources */,
				2C7DE5FB2B14A6A000441E30 /* NewAddRouter.swift in Sources */,
				2C08AF2F2B13B55900BAF3BD /* HomeRouter.swift in Sources */,
				2C8809582B13824800DDEC98 /* UIImageView+Extnsion.swift in Sources */,
				2C8809542B13824800DDEC98 /* UICollectionView + Extension.swift in Sources */,
				2C88095D2B13824800DDEC98 /* BadgedButtonItem.swift in Sources */,
				2C0BB9782B149280009066A0 /* NewAddConfig.swift in Sources */,
				2C88094C2B13824800DDEC98 /* Moya+Extension.swift in Sources */,
				2C0BB9742B147438009066A0 /* GradientView.swift in Sources */,
				2C08AF352B14242C00BAF3BD /* CategoriesModel.swift in Sources */,
				2C8809562B13824800DDEC98 /* UIDate+Extension.swift in Sources */,
				2C88094E2B13824800DDEC98 /* IBInspectables.swift in Sources */,
				2C08AF2A2B13AB6D00BAF3BD /* AdsService.swift in Sources */,
				2C8809522B13824800DDEC98 /* UITabbar + Extension.swift in Sources */,
				2C08AF332B13B8AF00BAF3BD /* PersonCell.swift in Sources */,
				2C08AF312B13B69E00BAF3BD /* HomeConfigurator.swift in Sources */,
				2C8809312B13824800DDEC98 /* Fonts.swift in Sources */,
				2C8808AC2B137FDB00DDEC98 /* SceneDelegate.swift in Sources */,
				2C7DE5F92B14A69800441E30 /* NewAddPresenter.swift in Sources */,
			);
			runOnlyForDeploymentPostprocessing = 0;
		};
		2C8808B82B137FDC00DDEC98 /* Sources */ = {
			isa = PBXSourcesBuildPhase;
			buildActionMask = 2147483647;
			files = (
				2C8808C12B137FDC00DDEC98 /* DeshandDezTaskTests.swift in Sources */,
			);
			runOnlyForDeploymentPostprocessing = 0;
		};
		2C8808C22B137FDC00DDEC98 /* Sources */ = {
			isa = PBXSourcesBuildPhase;
			buildActionMask = 2147483647;
			files = (
				2C8808CB2B137FDC00DDEC98 /* DeshandDezTaskUITests.swift in Sources */,
				2C8808CD2B137FDC00DDEC98 /* DeshandDezTaskUITestsLaunchTests.swift in Sources */,
			);
			runOnlyForDeploymentPostprocessing = 0;
		};
/* End PBXSourcesBuildPhase section */

/* Begin PBXTargetDependency section */
		2C8808BE2B137FDC00DDEC98 /* PBXTargetDependency */ = {
			isa = PBXTargetDependency;
			target = 2C8808A52B137FDA00DDEC98 /* DeshandDezTask */;
			targetProxy = 2C8808BD2B137FDC00DDEC98 /* PBXContainerItemProxy */;
		};
		2C8808C82B137FDC00DDEC98 /* PBXTargetDependency */ = {
			isa = PBXTargetDependency;
			target = 2C8808A52B137FDA00DDEC98 /* DeshandDezTask */;
			targetProxy = 2C8808C72B137FDC00DDEC98 /* PBXContainerItemProxy */;
		};
/* End PBXTargetDependency section */

/* Begin PBXVariantGroup section */
		2C8808AF2B137FDB00DDEC98 /* Main.storyboard */ = {
			isa = PBXVariantGroup;
			children = (
				2C8808B02B137FDB00DDEC98 /* Base */,
			);
			name = Main.storyboard;
			sourceTree = "<group>";
		};
		2C8808B42B137FDC00DDEC98 /* LaunchScreen.storyboard */ = {
			isa = PBXVariantGroup;
			children = (
				2C8808B52B137FDC00DDEC98 /* Base */,
			);
			name = LaunchScreen.storyboard;
			sourceTree = "<group>";
		};
/* End PBXVariantGroup section */

/* Begin XCBuildConfiguration section */
		2C8808CE2B137FDC00DDEC98 /* Debug */ = {
			isa = XCBuildConfiguration;
			buildSettings = {
				ALWAYS_SEARCH_USER_PATHS = NO;
				ASSETCATALOG_COMPILER_GENERATE_SWIFT_ASSET_SYMBOL_EXTENSIONS = YES;
				CLANG_ANALYZER_NONNULL = YES;
				CLANG_ANALYZER_NUMBER_OBJECT_CONVERSION = YES_AGGRESSIVE;
				CLANG_CXX_LANGUAGE_STANDARD = "gnu++20";
				CLANG_ENABLE_MODULES = YES;
				CLANG_ENABLE_OBJC_ARC = YES;
				CLANG_ENABLE_OBJC_WEAK = YES;
				CLANG_WARN_BLOCK_CAPTURE_AUTORELEASING = YES;
				CLANG_WARN_BOOL_CONVERSION = YES;
				CLANG_WARN_COMMA = YES;
				CLANG_WARN_CONSTANT_CONVERSION = YES;
				CLANG_WARN_DEPRECATED_OBJC_IMPLEMENTATIONS = YES;
				CLANG_WARN_DIRECT_OBJC_ISA_USAGE = YES_ERROR;
				CLANG_WARN_DOCUMENTATION_COMMENTS = YES;
				CLANG_WARN_EMPTY_BODY = YES;
				CLANG_WARN_ENUM_CONVERSION = YES;
				CLANG_WARN_INFINITE_RECURSION = YES;
				CLANG_WARN_INT_CONVERSION = YES;
				CLANG_WARN_NON_LITERAL_NULL_CONVERSION = YES;
				CLANG_WARN_OBJC_IMPLICIT_RETAIN_SELF = YES;
				CLANG_WARN_OBJC_LITERAL_CONVERSION = YES;
				CLANG_WARN_OBJC_ROOT_CLASS = YES_ERROR;
				CLANG_WARN_QUOTED_INCLUDE_IN_FRAMEWORK_HEADER = YES;
				CLANG_WARN_RANGE_LOOP_ANALYSIS = YES;
				CLANG_WARN_STRICT_PROTOTYPES = YES;
				CLANG_WARN_SUSPICIOUS_MOVE = YES;
				CLANG_WARN_UNGUARDED_AVAILABILITY = YES_AGGRESSIVE;
				CLANG_WARN_UNREACHABLE_CODE = YES;
				CLANG_WARN__DUPLICATE_METHOD_MATCH = YES;
				COPY_PHASE_STRIP = NO;
				DEBUG_INFORMATION_FORMAT = dwarf;
				ENABLE_STRICT_OBJC_MSGSEND = YES;
				ENABLE_TESTABILITY = YES;
				ENABLE_USER_SCRIPT_SANDBOXING = YES;
				GCC_C_LANGUAGE_STANDARD = gnu17;
				GCC_DYNAMIC_NO_PIC = NO;
				GCC_NO_COMMON_BLOCKS = YES;
				GCC_OPTIMIZATION_LEVEL = 0;
				GCC_PREPROCESSOR_DEFINITIONS = (
					"DEBUG=1",
					"$(inherited)",
				);
				GCC_WARN_64_TO_32_BIT_CONVERSION = YES;
				GCC_WARN_ABOUT_RETURN_TYPE = YES_ERROR;
				GCC_WARN_UNDECLARED_SELECTOR = YES;
				GCC_WARN_UNINITIALIZED_AUTOS = YES_AGGRESSIVE;
				GCC_WARN_UNUSED_FUNCTION = YES;
				GCC_WARN_UNUSED_VARIABLE = YES;
				IPHONEOS_DEPLOYMENT_TARGET = 17.0;
				LOCALIZATION_PREFERS_STRING_CATALOGS = YES;
				MTL_ENABLE_DEBUG_INFO = INCLUDE_SOURCE;
				MTL_FAST_MATH = YES;
				ONLY_ACTIVE_ARCH = YES;
				SDKROOT = iphoneos;
				SWIFT_ACTIVE_COMPILATION_CONDITIONS = "DEBUG $(inherited)";
				SWIFT_OPTIMIZATION_LEVEL = "-Onone";
			};
			name = Debug;
		};
		2C8808CF2B137FDC00DDEC98 /* Release */ = {
			isa = XCBuildConfiguration;
			buildSettings = {
				ALWAYS_SEARCH_USER_PATHS = NO;
				ASSETCATALOG_COMPILER_GENERATE_SWIFT_ASSET_SYMBOL_EXTENSIONS = YES;
				CLANG_ANALYZER_NONNULL = YES;
				CLANG_ANALYZER_NUMBER_OBJECT_CONVERSION = YES_AGGRESSIVE;
				CLANG_CXX_LANGUAGE_STANDARD = "gnu++20";
				CLANG_ENABLE_MODULES = YES;
				CLANG_ENABLE_OBJC_ARC = YES;
				CLANG_ENABLE_OBJC_WEAK = YES;
				CLANG_WARN_BLOCK_CAPTURE_AUTORELEASING = YES;
				CLANG_WARN_BOOL_CONVERSION = YES;
				CLANG_WARN_COMMA = YES;
				CLANG_WARN_CONSTANT_CONVERSION = YES;
				CLANG_WARN_DEPRECATED_OBJC_IMPLEMENTATIONS = YES;
				CLANG_WARN_DIRECT_OBJC_ISA_USAGE = YES_ERROR;
				CLANG_WARN_DOCUMENTATION_COMMENTS = YES;
				CLANG_WARN_EMPTY_BODY = YES;
				CLANG_WARN_ENUM_CONVERSION = YES;
				CLANG_WARN_INFINITE_RECURSION = YES;
				CLANG_WARN_INT_CONVERSION = YES;
				CLANG_WARN_NON_LITERAL_NULL_CONVERSION = YES;
				CLANG_WARN_OBJC_IMPLICIT_RETAIN_SELF = YES;
				CLANG_WARN_OBJC_LITERAL_CONVERSION = YES;
				CLANG_WARN_OBJC_ROOT_CLASS = YES_ERROR;
				CLANG_WARN_QUOTED_INCLUDE_IN_FRAMEWORK_HEADER = YES;
				CLANG_WARN_RANGE_LOOP_ANALYSIS = YES;
				CLANG_WARN_STRICT_PROTOTYPES = YES;
				CLANG_WARN_SUSPICIOUS_MOVE = YES;
				CLANG_WARN_UNGUARDED_AVAILABILITY = YES_AGGRESSIVE;
				CLANG_WARN_UNREACHABLE_CODE = YES;
				CLANG_WARN__DUPLICATE_METHOD_MATCH = YES;
				COPY_PHASE_STRIP = NO;
				DEBUG_INFORMATION_FORMAT = "dwarf-with-dsym";
				ENABLE_NS_ASSERTIONS = NO;
				ENABLE_STRICT_OBJC_MSGSEND = YES;
				ENABLE_USER_SCRIPT_SANDBOXING = YES;
				GCC_C_LANGUAGE_STANDARD = gnu17;
				GCC_NO_COMMON_BLOCKS = YES;
				GCC_WARN_64_TO_32_BIT_CONVERSION = YES;
				GCC_WARN_ABOUT_RETURN_TYPE = YES_ERROR;
				GCC_WARN_UNDECLARED_SELECTOR = YES;
				GCC_WARN_UNINITIALIZED_AUTOS = YES_AGGRESSIVE;
				GCC_WARN_UNUSED_FUNCTION = YES;
				GCC_WARN_UNUSED_VARIABLE = YES;
				IPHONEOS_DEPLOYMENT_TARGET = 17.0;
				LOCALIZATION_PREFERS_STRING_CATALOGS = YES;
				MTL_ENABLE_DEBUG_INFO = NO;
				MTL_FAST_MATH = YES;
				SDKROOT = iphoneos;
				SWIFT_COMPILATION_MODE = wholemodule;
				VALIDATE_PRODUCT = YES;
			};
			name = Release;
		};
		2C8808D12B137FDC00DDEC98 /* Debug */ = {
			isa = XCBuildConfiguration;
			buildSettings = {
				ASSETCATALOG_COMPILER_APPICON_NAME = AppIcon;
				ASSETCATALOG_COMPILER_GLOBAL_ACCENT_COLOR_NAME = AccentColor;
				CODE_SIGN_STYLE = Automatic;
				CURRENT_PROJECT_VERSION = 1;
				DEVELOPMENT_TEAM = "";
				GENERATE_INFOPLIST_FILE = YES;
				INFOPLIST_FILE = DeshandDezTask/Info.plist;
				INFOPLIST_KEY_UIApplicationSupportsIndirectInputEvents = YES;
				INFOPLIST_KEY_UILaunchStoryboardName = LaunchScreen;
				INFOPLIST_KEY_UIMainStoryboardFile = Main;
				INFOPLIST_KEY_UISupportedInterfaceOrientations_iPad = "UIInterfaceOrientationPortrait UIInterfaceOrientationPortraitUpsideDown UIInterfaceOrientationLandscapeLeft UIInterfaceOrientationLandscapeRight";
				INFOPLIST_KEY_UISupportedInterfaceOrientations_iPhone = "UIInterfaceOrientationPortrait UIInterfaceOrientationLandscapeLeft UIInterfaceOrientationLandscapeRight";
				IPHONEOS_DEPLOYMENT_TARGET = 16.0;
				LD_RUNPATH_SEARCH_PATHS = (
					"$(inherited)",
					"@executable_path/Frameworks",
				);
				MARKETING_VERSION = 1.0;
				PRODUCT_BUNDLE_IDENTIFIER = com.DeshandDezTask;
				PRODUCT_NAME = "$(TARGET_NAME)";
				SWIFT_EMIT_LOC_STRINGS = YES;
				SWIFT_VERSION = 5.0;
				TARGETED_DEVICE_FAMILY = "1,2";
			};
			name = Debug;
		};
		2C8808D22B137FDC00DDEC98 /* Release */ = {
			isa = XCBuildConfiguration;
			buildSettings = {
				ASSETCATALOG_COMPILER_APPICON_NAME = AppIcon;
				ASSETCATALOG_COMPILER_GLOBAL_ACCENT_COLOR_NAME = AccentColor;
				CODE_SIGN_STYLE = Automatic;
				CURRENT_PROJECT_VERSION = 1;
				DEVELOPMENT_TEAM = "";
				GENERATE_INFOPLIST_FILE = YES;
				INFOPLIST_FILE = DeshandDezTask/Info.plist;
				INFOPLIST_KEY_UIApplicationSupportsIndirectInputEvents = YES;
				INFOPLIST_KEY_UILaunchStoryboardName = LaunchScreen;
				INFOPLIST_KEY_UIMainStoryboardFile = Main;
				INFOPLIST_KEY_UISupportedInterfaceOrientations_iPad = "UIInterfaceOrientationPortrait UIInterfaceOrientationPortraitUpsideDown UIInterfaceOrientationLandscapeLeft UIInterfaceOrientationLandscapeRight";
				INFOPLIST_KEY_UISupportedInterfaceOrientations_iPhone = "UIInterfaceOrientationPortrait UIInterfaceOrientationLandscapeLeft UIInterfaceOrientationLandscapeRight";
				IPHONEOS_DEPLOYMENT_TARGET = 16.0;
				LD_RUNPATH_SEARCH_PATHS = (
					"$(inherited)",
					"@executable_path/Frameworks",
				);
				MARKETING_VERSION = 1.0;
				PRODUCT_BUNDLE_IDENTIFIER = com.DeshandDezTask;
				PRODUCT_NAME = "$(TARGET_NAME)";
				SWIFT_EMIT_LOC_STRINGS = YES;
				SWIFT_VERSION = 5.0;
				TARGETED_DEVICE_FAMILY = "1,2";
			};
			name = Release;
		};
		2C8808D42B137FDC00DDEC98 /* Debug */ = {
			isa = XCBuildConfiguration;
			buildSettings = {
				ALWAYS_EMBED_SWIFT_STANDARD_LIBRARIES = YES;
				BUNDLE_LOADER = "$(TEST_HOST)";
				CODE_SIGN_STYLE = Automatic;
				CURRENT_PROJECT_VERSION = 1;
				GENERATE_INFOPLIST_FILE = YES;
				IPHONEOS_DEPLOYMENT_TARGET = 17.0;
				MARKETING_VERSION = 1.0;
				PRODUCT_BUNDLE_IDENTIFIER = com.CodexTask.DeshandDezTaskTests;
				PRODUCT_NAME = "$(TARGET_NAME)";
				SWIFT_EMIT_LOC_STRINGS = NO;
				SWIFT_VERSION = 5.0;
				TARGETED_DEVICE_FAMILY = "1,2";
				TEST_HOST = "$(BUILT_PRODUCTS_DIR)/DeshandDezTask.app/$(BUNDLE_EXECUTABLE_FOLDER_PATH)/DeshandDezTask";
			};
			name = Debug;
		};
		2C8808D52B137FDC00DDEC98 /* Release */ = {
			isa = XCBuildConfiguration;
			buildSettings = {
				ALWAYS_EMBED_SWIFT_STANDARD_LIBRARIES = YES;
				BUNDLE_LOADER = "$(TEST_HOST)";
				CODE_SIGN_STYLE = Automatic;
				CURRENT_PROJECT_VERSION = 1;
				GENERATE_INFOPLIST_FILE = YES;
				IPHONEOS_DEPLOYMENT_TARGET = 17.0;
				MARKETING_VERSION = 1.0;
				PRODUCT_BUNDLE_IDENTIFIER = com.CodexTask.DeshandDezTaskTests;
				PRODUCT_NAME = "$(TARGET_NAME)";
				SWIFT_EMIT_LOC_STRINGS = NO;
				SWIFT_VERSION = 5.0;
				TARGETED_DEVICE_FAMILY = "1,2";
				TEST_HOST = "$(BUILT_PRODUCTS_DIR)/DeshandDezTask.app/$(BUNDLE_EXECUTABLE_FOLDER_PATH)/DeshandDezTask";
			};
			name = Release;
		};
		2C8808D72B137FDC00DDEC98 /* Debug */ = {
			isa = XCBuildConfiguration;
			buildSettings = {
				ALWAYS_EMBED_SWIFT_STANDARD_LIBRARIES = YES;
				CODE_SIGN_STYLE = Automatic;
				CURRENT_PROJECT_VERSION = 1;
				GENERATE_INFOPLIST_FILE = YES;
				MARKETING_VERSION = 1.0;
				PRODUCT_BUNDLE_IDENTIFIER = com.CodexTask.DeshandDezTaskUITests;
				PRODUCT_NAME = "$(TARGET_NAME)";
				SWIFT_EMIT_LOC_STRINGS = NO;
				SWIFT_VERSION = 5.0;
				TARGETED_DEVICE_FAMILY = "1,2";
				TEST_TARGET_NAME = DeshandDezTask;
			};
			name = Debug;
		};
		2C8808D82B137FDC00DDEC98 /* Release */ = {
			isa = XCBuildConfiguration;
			buildSettings = {
				ALWAYS_EMBED_SWIFT_STANDARD_LIBRARIES = YES;
				CODE_SIGN_STYLE = Automatic;
				CURRENT_PROJECT_VERSION = 1;
				GENERATE_INFOPLIST_FILE = YES;
				MARKETING_VERSION = 1.0;
				PRODUCT_BUNDLE_IDENTIFIER = com.CodexTask.DeshandDezTaskUITests;
				PRODUCT_NAME = "$(TARGET_NAME)";
				SWIFT_EMIT_LOC_STRINGS = NO;
				SWIFT_VERSION = 5.0;
				TARGETED_DEVICE_FAMILY = "1,2";
				TEST_TARGET_NAME = DeshandDezTask;
			};
			name = Release;
		};
/* End XCBuildConfiguration section */

/* Begin XCConfigurationList section */
		2C8808A12B137FDA00DDEC98 /* Build configuration list for PBXProject "DeshandDezTask" */ = {
			isa = XCConfigurationList;
			buildConfigurations = (
				2C8808CE2B137FDC00DDEC98 /* Debug */,
				2C8808CF2B137FDC00DDEC98 /* Release */,
			);
			defaultConfigurationIsVisible = 0;
			defaultConfigurationName = Release;
		};
		2C8808D02B137FDC00DDEC98 /* Build configuration list for PBXNativeTarget "DeshandDezTask" */ = {
			isa = XCConfigurationList;
			buildConfigurations = (
				2C8808D12B137FDC00DDEC98 /* Debug */,
				2C8808D22B137FDC00DDEC98 /* Release */,
			);
			defaultConfigurationIsVisible = 0;
			defaultConfigurationName = Release;
		};
		2C8808D32B137FDC00DDEC98 /* Build configuration list for PBXNativeTarget "DeshandDezTaskTests" */ = {
			isa = XCConfigurationList;
			buildConfigurations = (
				2C8808D42B137FDC00DDEC98 /* Debug */,
				2C8808D52B137FDC00DDEC98 /* Release */,
			);
			defaultConfigurationIsVisible = 0;
			defaultConfigurationName = Release;
		};
		2C8808D62B137FDC00DDEC98 /* Build configuration list for PBXNativeTarget "DeshandDezTaskUITests" */ = {
			isa = XCConfigurationList;
			buildConfigurations = (
				2C8808D72B137FDC00DDEC98 /* Debug */,
				2C8808D82B137FDC00DDEC98 /* Release */,
			);
			defaultConfigurationIsVisible = 0;
			defaultConfigurationName = Release;
		};
/* End XCConfigurationList section */
	};
	rootObject = 2C88089E2B137FDA00DDEC98 /* Project object */;
}
